
Microsoft Visual Studio Solution File, Format Version 12.00
# Visual Studio Version 17
VisualStudioVersion = 17.8.34601.278
MinimumVisualStudioVersion = 10.0.40219.1
Project("{FAE04EC0-301F-11D3-BF4B-00C04F79EFBC}") = "RequintoBaldeonWeb", "RequintoBaldeonWeb.csproj", "{377C766A-0721-4F99-BFC2-82EB2B106C09}"
EndProject
Global
	GlobalSection(SolutionConfigurationPlatforms) = preSolution
		Debug|Any CPU = Debug|Any CPU
		Release|Any CPU = Release|Any CPU
	EndGlobalSection
	GlobalSection(ProjectConfigurationPlatforms) = postSolution
		{377C766A-0721-4F99-BFC2-82EB2B106C09}.Debug|Any CPU.ActiveCfg = Debug|Any CPU
		{377C766A-0721-4F99-BFC2-82EB2B106C09}.Debug|Any CPU.Build.0 = Debug|Any CPU
		{377C766A-0721-4F99-BFC2-82EB2B106C09}.Release|Any CPU.ActiveCfg = Release|Any CPU
		{377C766A-0721-4F99-BFC2-82EB2B106C09}.Release|Any CPU.Build.0 = Release|Any CPU
	EndGlobalSection
	GlobalSection(SolutionProperties) = preSolution
		HideSolutionNode = FALSE
	EndGlobalSection
	GlobalSection(ExtensibilityGlobals) = postSolution
		SolutionGuid = {49EA2587-706B-4F0B-BD95-10198269665C}
	EndGlobalSection
EndGlobal
